
Microsoft Visual Studio Solution File, Format Version 12.00
# Visual Studio 15
VisualStudioVersion = 15.0.26730.8
MinimumVisualStudioVersion = 10.0.40219.1
Project("{2150E333-8FDC-42A3-9474-1A3956D46DE8}") = "Src", "Src", "{C6B2240A-E0A6-494B-BD90-E632356A7D0A}"
EndProject
Project("{FAE04EC0-301F-11D3-BF4B-00C04F79EFBC}") = "AirObservationSystem.HHU.Core", "AirObservationSystem.HHU\AirObservationSystem.HHU.Core\AirObservationSystem.HHU.Core.csproj", "{74043E51-EF7B-4CE1-AF3F-7612ED1D05B6}"
EndProject
Project("{FAE04EC0-301F-11D3-BF4B-00C04F79EFBC}") = "AirObservationSystem.HHU.Droid", "AirObservationSystem.HHU\AirObservationSystem.HHU.Droid\AirObservationSystem.HHU.Droid.csproj", "{48D8DCC6-6342-4A62-AB87-B26CBFB3FEB1}"
EndProject
Project("{FAE04EC0-301F-11D3-BF4B-00C04F79EFBC}") = "AirObservationSystem.HHU.UWP", "AirObservationSystem.HHU\AirObservationSystem.HHU.UWP\AirObservationSystem.HHU.UWP.csproj", "{DB20308E-8E4C-4ED4-85AF-66DA6354F20D}"
EndProject
Project("{2150E333-8FDC-42A3-9474-1A3956D46DE8}") = "Tests", "Tests", "{DFA8571D-9A4B-473C-9880-B5FC9FA075D3}"
EndProject
Project("{FAE04EC0-301F-11D3-BF4B-00C04F79EFBC}") = "AirObservationSystem.HHU.UITests", "AirObservationSystem.HHU\AirObservationSystem.HHU.UITests\AirObservationSystem.HHU.UITests.csproj", "{EB466A08-7DEE-401D-96A0-BC1E35308500}"
EndProject
Project("{FAE04EC0-301F-11D3-BF4B-00C04F79EFBC}") = "AirObservationSystem.HHU.UWP.Tests", "AirObservationSystem.HHU\AirObservationSystem.HHU.UWP.Tests\AirObservationSystem.HHU.UWP.Tests.csproj", "{EC89EB7C-B033-427F-ABDB-3E85990BDA9B}"
EndProject
Project("{FAE04EC0-301F-11D3-BF4B-00C04F79EFBC}") = "AirObservationSystem.HHU.UWP.Tasks", "AirObservationSystem.HHU\AirObservationSystem.HHU.UWP.Tasks\AirObservationSystem.HHU.UWP.Tasks.csproj", "{5B0D8267-8C6E-4502-95E5-01B3803C7866}"
EndProject
Global
	GlobalSection(SolutionConfigurationPlatforms) = preSolution
		Ad-Hoc|Any CPU = Ad-Hoc|Any CPU
		Ad-Hoc|ARM = Ad-Hoc|ARM
		Ad-Hoc|iPhone = Ad-Hoc|iPhone
		Ad-Hoc|iPhoneSimulator = Ad-Hoc|iPhoneSimulator
		Ad-Hoc|x64 = Ad-Hoc|x64
		Ad-Hoc|x86 = Ad-Hoc|x86
		AppStore|Any CPU = AppStore|Any CPU
		AppStore|ARM = AppStore|ARM
		AppStore|iPhone = AppStore|iPhone
		AppStore|iPhoneSimulator = AppStore|iPhoneSimulator
		AppStore|x64 = AppStore|x64
		AppStore|x86 = AppStore|x86
		Debug|Any CPU = Debug|Any CPU
		Debug|ARM = Debug|ARM
		Debug|iPhone = Debug|iPhone
		Debug|iPhoneSimulator = Debug|iPhoneSimulator
		Debug|x64 = Debug|x64
		Debug|x86 = Debug|x86
		Release|Any CPU = Release|Any CPU
		Release|ARM = Release|ARM
		Release|iPhone = Release|iPhone
		Release|iPhoneSimulator = Release|iPhoneSimulator
		Release|x64 = Release|x64
		Release|x86 = Release|x86
	EndGlobalSection
	GlobalSection(ProjectConfigurationPlatforms) = postSolution
		{74043E51-EF7B-4CE1-AF3F-7612ED1D05B6}.Ad-Hoc|Any CPU.ActiveCfg = Release|Any CPU
		{74043E51-EF7B-4CE1-AF3F-7612ED1D05B6}.Ad-Hoc|Any CPU.Build.0 = Release|Any CPU
		{74043E51-EF7B-4CE1-AF3F-7612ED1D05B6}.Ad-Hoc|ARM.ActiveCfg = Release|Any CPU
		{74043E51-EF7B-4CE1-AF3F-7612ED1D05B6}.Ad-Hoc|ARM.Build.0 = Release|Any CPU
		{74043E51-EF7B-4CE1-AF3F-7612ED1D05B6}.Ad-Hoc|iPhone.ActiveCfg = Release|Any CPU
		{74043E51-EF7B-4CE1-AF3F-7612ED1D05B6}.Ad-Hoc|iPhone.Build.0 = Release|Any CPU
		{74043E51-EF7B-4CE1-AF3F-7612ED1D05B6}.Ad-Hoc|iPhoneSimulator.ActiveCfg = Release|Any CPU
		{74043E51-EF7B-4CE1-AF3F-7612ED1D05B6}.Ad-Hoc|iPhoneSimulator.Build.0 = Release|Any CPU
		{74043E51-EF7B-4CE1-AF3F-7612ED1D05B6}.Ad-Hoc|x64.ActiveCfg = Release|Any CPU
		{74043E51-EF7B-4CE1-AF3F-7612ED1D05B6}.Ad-Hoc|x64.Build.0 = Release|Any CPU
		{74043E51-EF7B-4CE1-AF3F-7612ED1D05B6}.Ad-Hoc|x86.ActiveCfg = Release|Any CPU
		{74043E51-EF7B-4CE1-AF3F-7612ED1D05B6}.Ad-Hoc|x86.Build.0 = Release|Any CPU
		{74043E51-EF7B-4CE1-AF3F-7612ED1D05B6}.AppStore|Any CPU.ActiveCfg = Release|Any CPU
		{74043E51-EF7B-4CE1-AF3F-7612ED1D05B6}.AppStore|Any CPU.Build.0 = Release|Any CPU
		{74043E51-EF7B-4CE1-AF3F-7612ED1D05B6}.AppStore|ARM.ActiveCfg = Release|Any CPU
		{74043E51-EF7B-4CE1-AF3F-7612ED1D05B6}.AppStore|ARM.Build.0 = Release|Any CPU
		{74043E51-EF7B-4CE1-AF3F-7612ED1D05B6}.AppStore|iPhone.ActiveCfg = Release|Any CPU
		{74043E51-EF7B-4CE1-AF3F-7612ED1D05B6}.AppStore|iPhone.Build.0 = Release|Any CPU
		{74043E51-EF7B-4CE1-AF3F-7612ED1D05B6}.AppStore|iPhoneSimulator.ActiveCfg = Release|Any CPU
		{74043E51-EF7B-4CE1-AF3F-7612ED1D05B6}.AppStore|iPhoneSimulator.Build.0 = Release|Any CPU
		{74043E51-EF7B-4CE1-AF3F-7612ED1D05B6}.AppStore|x64.ActiveCfg = Release|Any CPU
		{74043E51-EF7B-4CE1-AF3F-7612ED1D05B6}.AppStore|x64.Build.0 = Release|Any CPU
		{74043E51-EF7B-4CE1-AF3F-7612ED1D05B6}.AppStore|x86.ActiveCfg = Release|Any CPU
		{74043E51-EF7B-4CE1-AF3F-7612ED1D05B6}.AppStore|x86.Build.0 = Release|Any CPU
		{74043E51-EF7B-4CE1-AF3F-7612ED1D05B6}.Debug|Any CPU.ActiveCfg = Debug|Any CPU
		{74043E51-EF7B-4CE1-AF3F-7612ED1D05B6}.Debug|Any CPU.Build.0 = Debug|Any CPU
		{74043E51-EF7B-4CE1-AF3F-7612ED1D05B6}.Debug|Any CPU.Deploy.0 = Debug|Any CPU
		{74043E51-EF7B-4CE1-AF3F-7612ED1D05B6}.Debug|ARM.ActiveCfg = Debug|Any CPU
		{74043E51-EF7B-4CE1-AF3F-7612ED1D05B6}.Debug|ARM.Build.0 = Debug|Any CPU
		{74043E51-EF7B-4CE1-AF3F-7612ED1D05B6}.Debug|iPhone.ActiveCfg = Debug|Any CPU
		{74043E51-EF7B-4CE1-AF3F-7612ED1D05B6}.Debug|iPhone.Build.0 = Debug|Any CPU
		{74043E51-EF7B-4CE1-AF3F-7612ED1D05B6}.Debug|iPhoneSimulator.ActiveCfg = Debug|Any CPU
		{74043E51-EF7B-4CE1-AF3F-7612ED1D05B6}.Debug|iPhoneSimulator.Build.0 = Debug|Any CPU
		{74043E51-EF7B-4CE1-AF3F-7612ED1D05B6}.Debug|x64.ActiveCfg = Debug|Any CPU
		{74043E51-EF7B-4CE1-AF3F-7612ED1D05B6}.Debug|x64.Build.0 = Debug|Any CPU
		{74043E51-EF7B-4CE1-AF3F-7612ED1D05B6}.Debug|x86.ActiveCfg = Debug|Any CPU
		{74043E51-EF7B-4CE1-AF3F-7612ED1D05B6}.Debug|x86.Build.0 = Debug|Any CPU
		{74043E51-EF7B-4CE1-AF3F-7612ED1D05B6}.Release|Any CPU.ActiveCfg = Release|Any CPU
		{74043E51-EF7B-4CE1-AF3F-7612ED1D05B6}.Release|Any CPU.Build.0 = Release|Any CPU
		{74043E51-EF7B-4CE1-AF3F-7612ED1D05B6}.Release|ARM.ActiveCfg = Release|Any CPU
		{74043E51-EF7B-4CE1-AF3F-7612ED1D05B6}.Release|ARM.Build.0 = Release|Any CPU
		{74043E51-EF7B-4CE1-AF3F-7612ED1D05B6}.Release|iPhone.ActiveCfg = Release|Any CPU
		{74043E51-EF7B-4CE1-AF3F-7612ED1D05B6}.Release|iPhone.Build.0 = Release|Any CPU
		{74043E51-EF7B-4CE1-AF3F-7612ED1D05B6}.Release|iPhoneSimulator.ActiveCfg = Release|Any CPU
		{74043E51-EF7B-4CE1-AF3F-7612ED1D05B6}.Release|iPhoneSimulator.Build.0 = Release|Any CPU
		{74043E51-EF7B-4CE1-AF3F-7612ED1D05B6}.Release|x64.ActiveCfg = Release|Any CPU
		{74043E51-EF7B-4CE1-AF3F-7612ED1D05B6}.Release|x64.Build.0 = Release|Any CPU
		{74043E51-EF7B-4CE1-AF3F-7612ED1D05B6}.Release|x86.ActiveCfg = Release|Any CPU
		{74043E51-EF7B-4CE1-AF3F-7612ED1D05B6}.Release|x86.Build.0 = Release|Any CPU
		{48D8DCC6-6342-4A62-AB87-B26CBFB3FEB1}.Ad-Hoc|Any CPU.ActiveCfg = Release|Any CPU
		{48D8DCC6-6342-4A62-AB87-B26CBFB3FEB1}.Ad-Hoc|Any CPU.Build.0 = Release|Any CPU
		{48D8DCC6-6342-4A62-AB87-B26CBFB3FEB1}.Ad-Hoc|Any CPU.Deploy.0 = Release|Any CPU
		{48D8DCC6-6342-4A62-AB87-B26CBFB3FEB1}.Ad-Hoc|ARM.ActiveCfg = Release|Any CPU
		{48D8DCC6-6342-4A62-AB87-B26CBFB3FEB1}.Ad-Hoc|ARM.Build.0 = Release|Any CPU
		{48D8DCC6-6342-4A62-AB87-B26CBFB3FEB1}.Ad-Hoc|ARM.Deploy.0 = Release|Any CPU
		{48D8DCC6-6342-4A62-AB87-B26CBFB3FEB1}.Ad-Hoc|iPhone.ActiveCfg = Release|Any CPU
		{48D8DCC6-6342-4A62-AB87-B26CBFB3FEB1}.Ad-Hoc|iPhone.Build.0 = Release|Any CPU
		{48D8DCC6-6342-4A62-AB87-B26CBFB3FEB1}.Ad-Hoc|iPhone.Deploy.0 = Release|Any CPU
		{48D8DCC6-6342-4A62-AB87-B26CBFB3FEB1}.Ad-Hoc|iPhoneSimulator.ActiveCfg = Release|Any CPU
		{48D8DCC6-6342-4A62-AB87-B26CBFB3FEB1}.Ad-Hoc|iPhoneSimulator.Build.0 = Release|Any CPU
		{48D8DCC6-6342-4A62-AB87-B26CBFB3FEB1}.Ad-Hoc|iPhoneSimulator.Deploy.0 = Release|Any CPU
		{48D8DCC6-6342-4A62-AB87-B26CBFB3FEB1}.Ad-Hoc|x64.ActiveCfg = Release|Any CPU
		{48D8DCC6-6342-4A62-AB87-B26CBFB3FEB1}.Ad-Hoc|x64.Build.0 = Release|Any CPU
		{48D8DCC6-6342-4A62-AB87-B26CBFB3FEB1}.Ad-Hoc|x64.Deploy.0 = Release|Any CPU
		{48D8DCC6-6342-4A62-AB87-B26CBFB3FEB1}.Ad-Hoc|x86.ActiveCfg = Release|Any CPU
		{48D8DCC6-6342-4A62-AB87-B26CBFB3FEB1}.Ad-Hoc|x86.Build.0 = Release|Any CPU
		{48D8DCC6-6342-4A62-AB87-B26CBFB3FEB1}.Ad-Hoc|x86.Deploy.0 = Release|Any CPU
		{48D8DCC6-6342-4A62-AB87-B26CBFB3FEB1}.AppStore|Any CPU.ActiveCfg = Release|Any CPU
		{48D8DCC6-6342-4A62-AB87-B26CBFB3FEB1}.AppStore|Any CPU.Build.0 = Release|Any CPU
		{48D8DCC6-6342-4A62-AB87-B26CBFB3FEB1}.AppStore|Any CPU.Deploy.0 = Release|Any CPU
		{48D8DCC6-6342-4A62-AB87-B26CBFB3FEB1}.AppStore|ARM.ActiveCfg = Release|Any CPU
		{48D8DCC6-6342-4A62-AB87-B26CBFB3FEB1}.AppStore|ARM.Build.0 = Release|Any CPU
		{48D8DCC6-6342-4A62-AB87-B26CBFB3FEB1}.AppStore|ARM.Deploy.0 = Release|Any CPU
		{48D8DCC6-6342-4A62-AB87-B26CBFB3FEB1}.AppStore|iPhone.ActiveCfg = Release|Any CPU
		{48D8DCC6-6342-4A62-AB87-B26CBFB3FEB1}.AppStore|iPhone.Build.0 = Release|Any CPU
		{48D8DCC6-6342-4A62-AB87-B26CBFB3FEB1}.AppStore|iPhone.Deploy.0 = Release|Any CPU
		{48D8DCC6-6342-4A62-AB87-B26CBFB3FEB1}.AppStore|iPhoneSimulator.ActiveCfg = Release|Any CPU
		{48D8DCC6-6342-4A62-AB87-B26CBFB3FEB1}.AppStore|iPhoneSimulator.Build.0 = Release|Any CPU
		{48D8DCC6-6342-4A62-AB87-B26CBFB3FEB1}.AppStore|iPhoneSimulator.Deploy.0 = Release|Any CPU
		{48D8DCC6-6342-4A62-AB87-B26CBFB3FEB1}.AppStore|x64.ActiveCfg = Release|Any CPU
		{48D8DCC6-6342-4A62-AB87-B26CBFB3FEB1}.AppStore|x64.Build.0 = Release|Any CPU
		{48D8DCC6-6342-4A62-AB87-B26CBFB3FEB1}.AppStore|x64.Deploy.0 = Release|Any CPU
		{48D8DCC6-6342-4A62-AB87-B26CBFB3FEB1}.AppStore|x86.ActiveCfg = Release|Any CPU
		{48D8DCC6-6342-4A62-AB87-B26CBFB3FEB1}.AppStore|x86.Build.0 = Release|Any CPU
		{48D8DCC6-6342-4A62-AB87-B26CBFB3FEB1}.AppStore|x86.Deploy.0 = Release|Any CPU
		{48D8DCC6-6342-4A62-AB87-B26CBFB3FEB1}.Debug|Any CPU.ActiveCfg = Debug|Any CPU
		{48D8DCC6-6342-4A62-AB87-B26CBFB3FEB1}.Debug|Any CPU.Build.0 = Debug|Any CPU
		{48D8DCC6-6342-4A62-AB87-B26CBFB3FEB1}.Debug|Any CPU.Deploy.0 = Debug|Any CPU
		{48D8DCC6-6342-4A62-AB87-B26CBFB3FEB1}.Debug|ARM.ActiveCfg = Debug|Any CPU
		{48D8DCC6-6342-4A62-AB87-B26CBFB3FEB1}.Debug|ARM.Build.0 = Debug|Any CPU
		{48D8DCC6-6342-4A62-AB87-B26CBFB3FEB1}.Debug|ARM.Deploy.0 = Debug|Any CPU
		{48D8DCC6-6342-4A62-AB87-B26CBFB3FEB1}.Debug|iPhone.ActiveCfg = Debug|Any CPU
		{48D8DCC6-6342-4A62-AB87-B26CBFB3FEB1}.Debug|iPhone.Build.0 = Debug|Any CPU
		{48D8DCC6-6342-4A62-AB87-B26CBFB3FEB1}.Debug|iPhone.Deploy.0 = Debug|Any CPU
		{48D8DCC6-6342-4A62-AB87-B26CBFB3FEB1}.Debug|iPhoneSimulator.ActiveCfg = Debug|Any CPU
		{48D8DCC6-6342-4A62-AB87-B26CBFB3FEB1}.Debug|iPhoneSimulator.Build.0 = Debug|Any CPU
		{48D8DCC6-6342-4A62-AB87-B26CBFB3FEB1}.Debug|iPhoneSimulator.Deploy.0 = Debug|Any CPU
		{48D8DCC6-6342-4A62-AB87-B26CBFB3FEB1}.Debug|x64.ActiveCfg = Debug|Any CPU
		{48D8DCC6-6342-4A62-AB87-B26CBFB3FEB1}.Debug|x64.Build.0 = Debug|Any CPU
		{48D8DCC6-6342-4A62-AB87-B26CBFB3FEB1}.Debug|x64.Deploy.0 = Debug|Any CPU
		{48D8DCC6-6342-4A62-AB87-B26CBFB3FEB1}.Debug|x86.ActiveCfg = Debug|Any CPU
		{48D8DCC6-6342-4A62-AB87-B26CBFB3FEB1}.Debug|x86.Build.0 = Debug|Any CPU
		{48D8DCC6-6342-4A62-AB87-B26CBFB3FEB1}.Debug|x86.Deploy.0 = Debug|Any CPU
		{48D8DCC6-6342-4A62-AB87-B26CBFB3FEB1}.Release|Any CPU.ActiveCfg = Release|Any CPU
		{48D8DCC6-6342-4A62-AB87-B26CBFB3FEB1}.Release|Any CPU.Build.0 = Release|Any CPU
		{48D8DCC6-6342-4A62-AB87-B26CBFB3FEB1}.Release|Any CPU.Deploy.0 = Release|Any CPU
		{48D8DCC6-6342-4A62-AB87-B26CBFB3FEB1}.Release|ARM.ActiveCfg = Release|Any CPU
		{48D8DCC6-6342-4A62-AB87-B26CBFB3FEB1}.Release|ARM.Build.0 = Release|Any CPU
		{48D8DCC6-6342-4A62-AB87-B26CBFB3FEB1}.Release|ARM.Deploy.0 = Release|Any CPU
		{48D8DCC6-6342-4A62-AB87-B26CBFB3FEB1}.Release|iPhone.ActiveCfg = Release|Any CPU
		{48D8DCC6-6342-4A62-AB87-B26CBFB3FEB1}.Release|iPhone.Build.0 = Release|Any CPU
		{48D8DCC6-6342-4A62-AB87-B26CBFB3FEB1}.Release|iPhone.Deploy.0 = Release|Any CPU
		{48D8DCC6-6342-4A62-AB87-B26CBFB3FEB1}.Release|iPhoneSimulator.ActiveCfg = Release|Any CPU
		{48D8DCC6-6342-4A62-AB87-B26CBFB3FEB1}.Release|iPhoneSimulator.Build.0 = Release|Any CPU
		{48D8DCC6-6342-4A62-AB87-B26CBFB3FEB1}.Release|iPhoneSimulator.Deploy.0 = Release|Any CPU
		{48D8DCC6-6342-4A62-AB87-B26CBFB3FEB1}.Release|x64.ActiveCfg = Release|Any CPU
		{48D8DCC6-6342-4A62-AB87-B26CBFB3FEB1}.Release|x64.Build.0 = Release|Any CPU
		{48D8DCC6-6342-4A62-AB87-B26CBFB3FEB1}.Release|x64.Deploy.0 = Release|Any CPU
		{48D8DCC6-6342-4A62-AB87-B26CBFB3FEB1}.Release|x86.ActiveCfg = Release|Any CPU
		{48D8DCC6-6342-4A62-AB87-B26CBFB3FEB1}.Release|x86.Build.0 = Release|Any CPU
		{48D8DCC6-6342-4A62-AB87-B26CBFB3FEB1}.Release|x86.Deploy.0 = Release|Any CPU
		{DB20308E-8E4C-4ED4-85AF-66DA6354F20D}.Ad-Hoc|Any CPU.ActiveCfg = Release|x64
		{DB20308E-8E4C-4ED4-85AF-66DA6354F20D}.Ad-Hoc|Any CPU.Build.0 = Release|x64
		{DB20308E-8E4C-4ED4-85AF-66DA6354F20D}.Ad-Hoc|Any CPU.Deploy.0 = Release|x64
		{DB20308E-8E4C-4ED4-85AF-66DA6354F20D}.Ad-Hoc|ARM.ActiveCfg = Release|ARM
		{DB20308E-8E4C-4ED4-85AF-66DA6354F20D}.Ad-Hoc|ARM.Build.0 = Release|ARM
		{DB20308E-8E4C-4ED4-85AF-66DA6354F20D}.Ad-Hoc|ARM.Deploy.0 = Release|ARM
		{DB20308E-8E4C-4ED4-85AF-66DA6354F20D}.Ad-Hoc|iPhone.ActiveCfg = Release|x64
		{DB20308E-8E4C-4ED4-85AF-66DA6354F20D}.Ad-Hoc|iPhone.Build.0 = Release|x64
		{DB20308E-8E4C-4ED4-85AF-66DA6354F20D}.Ad-Hoc|iPhone.Deploy.0 = Release|x64
		{DB20308E-8E4C-4ED4-85AF-66DA6354F20D}.Ad-Hoc|iPhoneSimulator.ActiveCfg = Release|x64
		{DB20308E-8E4C-4ED4-85AF-66DA6354F20D}.Ad-Hoc|iPhoneSimulator.Build.0 = Release|x64
		{DB20308E-8E4C-4ED4-85AF-66DA6354F20D}.Ad-Hoc|iPhoneSimulator.Deploy.0 = Release|x64
		{DB20308E-8E4C-4ED4-85AF-66DA6354F20D}.Ad-Hoc|x64.ActiveCfg = Release|x64
		{DB20308E-8E4C-4ED4-85AF-66DA6354F20D}.Ad-Hoc|x64.Build.0 = Release|x64
		{DB20308E-8E4C-4ED4-85AF-66DA6354F20D}.Ad-Hoc|x64.Deploy.0 = Release|x64
		{DB20308E-8E4C-4ED4-85AF-66DA6354F20D}.Ad-Hoc|x86.ActiveCfg = Release|x86
		{DB20308E-8E4C-4ED4-85AF-66DA6354F20D}.Ad-Hoc|x86.Build.0 = Release|x86
		{DB20308E-8E4C-4ED4-85AF-66DA6354F20D}.Ad-Hoc|x86.Deploy.0 = Release|x86
		{DB20308E-8E4C-4ED4-85AF-66DA6354F20D}.AppStore|Any CPU.ActiveCfg = Release|x64
		{DB20308E-8E4C-4ED4-85AF-66DA6354F20D}.AppStore|Any CPU.Build.0 = Release|x64
		{DB20308E-8E4C-4ED4-85AF-66DA6354F20D}.AppStore|Any CPU.Deploy.0 = Release|x64
		{DB20308E-8E4C-4ED4-85AF-66DA6354F20D}.AppStore|ARM.ActiveCfg = Release|ARM
		{DB20308E-8E4C-4ED4-85AF-66DA6354F20D}.AppStore|ARM.Build.0 = Release|ARM
		{DB20308E-8E4C-4ED4-85AF-66DA6354F20D}.AppStore|ARM.Deploy.0 = Release|ARM
		{DB20308E-8E4C-4ED4-85AF-66DA6354F20D}.AppStore|iPhone.ActiveCfg = Release|x64
		{DB20308E-8E4C-4ED4-85AF-66DA6354F20D}.AppStore|iPhone.Build.0 = Release|x64
		{DB20308E-8E4C-4ED4-85AF-66DA6354F20D}.AppStore|iPhone.Deploy.0 = Release|x64
		{DB20308E-8E4C-4ED4-85AF-66DA6354F20D}.AppStore|iPhoneSimulator.ActiveCfg = Release|x64
		{DB20308E-8E4C-4ED4-85AF-66DA6354F20D}.AppStore|iPhoneSimulator.Build.0 = Release|x64
		{DB20308E-8E4C-4ED4-85AF-66DA6354F20D}.AppStore|iPhoneSimulator.Deploy.0 = Release|x64
		{DB20308E-8E4C-4ED4-85AF-66DA6354F20D}.AppStore|x64.ActiveCfg = Release|x64
		{DB20308E-8E4C-4ED4-85AF-66DA6354F20D}.AppStore|x64.Build.0 = Release|x64
		{DB20308E-8E4C-4ED4-85AF-66DA6354F20D}.AppStore|x64.Deploy.0 = Release|x64
		{DB20308E-8E4C-4ED4-85AF-66DA6354F20D}.AppStore|x86.ActiveCfg = Release|x86
		{DB20308E-8E4C-4ED4-85AF-66DA6354F20D}.AppStore|x86.Build.0 = Release|x86
		{DB20308E-8E4C-4ED4-85AF-66DA6354F20D}.AppStore|x86.Deploy.0 = Release|x86
		{DB20308E-8E4C-4ED4-85AF-66DA6354F20D}.Debug|Any CPU.ActiveCfg = Debug|x64
		{DB20308E-8E4C-4ED4-85AF-66DA6354F20D}.Debug|Any CPU.Build.0 = Debug|x64
		{DB20308E-8E4C-4ED4-85AF-66DA6354F20D}.Debug|Any CPU.Deploy.0 = Debug|x64
		{DB20308E-8E4C-4ED4-85AF-66DA6354F20D}.Debug|ARM.ActiveCfg = Debug|ARM
		{DB20308E-8E4C-4ED4-85AF-66DA6354F20D}.Debug|ARM.Build.0 = Debug|ARM
		{DB20308E-8E4C-4ED4-85AF-66DA6354F20D}.Debug|ARM.Deploy.0 = Debug|ARM
		{DB20308E-8E4C-4ED4-85AF-66DA6354F20D}.Debug|iPhone.ActiveCfg = Debug|x86
		{DB20308E-8E4C-4ED4-85AF-66DA6354F20D}.Debug|iPhoneSimulator.ActiveCfg = Debug|x86
		{DB20308E-8E4C-4ED4-85AF-66DA6354F20D}.Debug|x64.ActiveCfg = Debug|x64
		{DB20308E-8E4C-4ED4-85AF-66DA6354F20D}.Debug|x64.Build.0 = Debug|x64
		{DB20308E-8E4C-4ED4-85AF-66DA6354F20D}.Debug|x64.Deploy.0 = Debug|x64
		{DB20308E-8E4C-4ED4-85AF-66DA6354F20D}.Debug|x86.ActiveCfg = Debug|x86
		{DB20308E-8E4C-4ED4-85AF-66DA6354F20D}.Debug|x86.Build.0 = Debug|x86
		{DB20308E-8E4C-4ED4-85AF-66DA6354F20D}.Debug|x86.Deploy.0 = Debug|x86
		{DB20308E-8E4C-4ED4-85AF-66DA6354F20D}.Release|Any CPU.ActiveCfg = Release|x86
		{DB20308E-8E4C-4ED4-85AF-66DA6354F20D}.Release|ARM.ActiveCfg = Release|ARM
		{DB20308E-8E4C-4ED4-85AF-66DA6354F20D}.Release|ARM.Build.0 = Release|ARM
		{DB20308E-8E4C-4ED4-85AF-66DA6354F20D}.Release|ARM.Deploy.0 = Release|ARM
		{DB20308E-8E4C-4ED4-85AF-66DA6354F20D}.Release|iPhone.ActiveCfg = Release|x86
		{DB20308E-8E4C-4ED4-85AF-66DA6354F20D}.Release|iPhoneSimulator.ActiveCfg = Release|x86
		{DB20308E-8E4C-4ED4-85AF-66DA6354F20D}.Release|x64.ActiveCfg = Release|x64
		{DB20308E-8E4C-4ED4-85AF-66DA6354F20D}.Release|x64.Build.0 = Release|x64
		{DB20308E-8E4C-4ED4-85AF-66DA6354F20D}.Release|x64.Deploy.0 = Release|x64
		{DB20308E-8E4C-4ED4-85AF-66DA6354F20D}.Release|x86.ActiveCfg = Release|x86
		{DB20308E-8E4C-4ED4-85AF-66DA6354F20D}.Release|x86.Build.0 = Release|x86
		{DB20308E-8E4C-4ED4-85AF-66DA6354F20D}.Release|x86.Deploy.0 = Release|x86
		{EB466A08-7DEE-401D-96A0-BC1E35308500}.Ad-Hoc|Any CPU.ActiveCfg = Release|Any CPU
		{EB466A08-7DEE-401D-96A0-BC1E35308500}.Ad-Hoc|Any CPU.Build.0 = Release|Any CPU
		{EB466A08-7DEE-401D-96A0-BC1E35308500}.Ad-Hoc|ARM.ActiveCfg = Release|Any CPU
		{EB466A08-7DEE-401D-96A0-BC1E35308500}.Ad-Hoc|ARM.Build.0 = Release|Any CPU
		{EB466A08-7DEE-401D-96A0-BC1E35308500}.Ad-Hoc|iPhone.ActiveCfg = Release|Any CPU
		{EB466A08-7DEE-401D-96A0-BC1E35308500}.Ad-Hoc|iPhone.Build.0 = Release|Any CPU
		{EB466A08-7DEE-401D-96A0-BC1E35308500}.Ad-Hoc|iPhoneSimulator.ActiveCfg = Release|Any CPU
		{EB466A08-7DEE-401D-96A0-BC1E35308500}.Ad-Hoc|iPhoneSimulator.Build.0 = Release|Any CPU
		{EB466A08-7DEE-401D-96A0-BC1E35308500}.Ad-Hoc|x64.ActiveCfg = Release|Any CPU
		{EB466A08-7DEE-401D-96A0-BC1E35308500}.Ad-Hoc|x64.Build.0 = Release|Any CPU
		{EB466A08-7DEE-401D-96A0-BC1E35308500}.Ad-Hoc|x86.ActiveCfg = Release|Any CPU
		{EB466A08-7DEE-401D-96A0-BC1E35308500}.Ad-Hoc|x86.Build.0 = Release|Any CPU
		{EB466A08-7DEE-401D-96A0-BC1E35308500}.AppStore|Any CPU.ActiveCfg = Release|Any CPU
		{EB466A08-7DEE-401D-96A0-BC1E35308500}.AppStore|Any CPU.Build.0 = Release|Any CPU
		{EB466A08-7DEE-401D-96A0-BC1E35308500}.AppStore|ARM.ActiveCfg = Release|Any CPU
		{EB466A08-7DEE-401D-96A0-BC1E35308500}.AppStore|ARM.Build.0 = Release|Any CPU
		{EB466A08-7DEE-401D-96A0-BC1E35308500}.AppStore|iPhone.ActiveCfg = Release|Any CPU
		{EB466A08-7DEE-401D-96A0-BC1E35308500}.AppStore|iPhone.Build.0 = Release|Any CPU
		{EB466A08-7DEE-401D-96A0-BC1E35308500}.AppStore|iPhoneSimulator.ActiveCfg = Release|Any CPU
		{EB466A08-7DEE-401D-96A0-BC1E35308500}.AppStore|iPhoneSimulator.Build.0 = Release|Any CPU
		{EB466A08-7DEE-401D-96A0-BC1E35308500}.AppStore|x64.ActiveCfg = Release|Any CPU
		{EB466A08-7DEE-401D-96A0-BC1E35308500}.AppStore|x64.Build.0 = Release|Any CPU
		{EB466A08-7DEE-401D-96A0-BC1E35308500}.AppStore|x86.ActiveCfg = Release|Any CPU
		{EB466A08-7DEE-401D-96A0-BC1E35308500}.AppStore|x86.Build.0 = Release|Any CPU
		{EB466A08-7DEE-401D-96A0-BC1E35308500}.Debug|Any CPU.ActiveCfg = Debug|Any CPU
		{EB466A08-7DEE-401D-96A0-BC1E35308500}.Debug|Any CPU.Build.0 = Debug|Any CPU
		{EB466A08-7DEE-401D-96A0-BC1E35308500}.Debug|ARM.ActiveCfg = Debug|Any CPU
		{EB466A08-7DEE-401D-96A0-BC1E35308500}.Debug|ARM.Build.0 = Debug|Any CPU
		{EB466A08-7DEE-401D-96A0-BC1E35308500}.Debug|iPhone.ActiveCfg = Debug|Any CPU
		{EB466A08-7DEE-401D-96A0-BC1E35308500}.Debug|iPhone.Build.0 = Debug|Any CPU
		{EB466A08-7DEE-401D-96A0-BC1E35308500}.Debug|iPhoneSimulator.ActiveCfg = Debug|Any CPU
		{EB466A08-7DEE-401D-96A0-BC1E35308500}.Debug|iPhoneSimulator.Build.0 = Debug|Any CPU
		{EB466A08-7DEE-401D-96A0-BC1E35308500}.Debug|x64.ActiveCfg = Debug|Any CPU
		{EB466A08-7DEE-401D-96A0-BC1E35308500}.Debug|x64.Build.0 = Debug|Any CPU
		{EB466A08-7DEE-401D-96A0-BC1E35308500}.Debug|x86.ActiveCfg = Debug|Any CPU
		{EB466A08-7DEE-401D-96A0-BC1E35308500}.Debug|x86.Build.0 = Debug|Any CPU
		{EB466A08-7DEE-401D-96A0-BC1E35308500}.Release|Any CPU.ActiveCfg = Release|Any CPU
		{EB466A08-7DEE-401D-96A0-BC1E35308500}.Release|Any CPU.Build.0 = Release|Any CPU
		{EB466A08-7DEE-401D-96A0-BC1E35308500}.Release|ARM.ActiveCfg = Release|Any CPU
		{EB466A08-7DEE-401D-96A0-BC1E35308500}.Release|ARM.Build.0 = Release|Any CPU
		{EB466A08-7DEE-401D-96A0-BC1E35308500}.Release|iPhone.ActiveCfg = Release|Any CPU
		{EB466A08-7DEE-401D-96A0-BC1E35308500}.Release|iPhone.Build.0 = Release|Any CPU
		{EB466A08-7DEE-401D-96A0-BC1E35308500}.Release|iPhoneSimulator.ActiveCfg = Release|Any CPU
		{EB466A08-7DEE-401D-96A0-BC1E35308500}.Release|iPhoneSimulator.Build.0 = Release|Any CPU
		{EB466A08-7DEE-401D-96A0-BC1E35308500}.Release|x64.ActiveCfg = Release|Any CPU
		{EB466A08-7DEE-401D-96A0-BC1E35308500}.Release|x64.Build.0 = Release|Any CPU
		{EB466A08-7DEE-401D-96A0-BC1E35308500}.Release|x86.ActiveCfg = Release|Any CPU
		{EB466A08-7DEE-401D-96A0-BC1E35308500}.Release|x86.Build.0 = Release|Any CPU
		{EC89EB7C-B033-427F-ABDB-3E85990BDA9B}.Ad-Hoc|Any CPU.ActiveCfg = Release|x64
		{EC89EB7C-B033-427F-ABDB-3E85990BDA9B}.Ad-Hoc|Any CPU.Build.0 = Release|x64
		{EC89EB7C-B033-427F-ABDB-3E85990BDA9B}.Ad-Hoc|Any CPU.Deploy.0 = Release|x64
		{EC89EB7C-B033-427F-ABDB-3E85990BDA9B}.Ad-Hoc|ARM.ActiveCfg = Release|ARM
		{EC89EB7C-B033-427F-ABDB-3E85990BDA9B}.Ad-Hoc|ARM.Build.0 = Release|ARM
		{EC89EB7C-B033-427F-ABDB-3E85990BDA9B}.Ad-Hoc|ARM.Deploy.0 = Release|ARM
		{EC89EB7C-B033-427F-ABDB-3E85990BDA9B}.Ad-Hoc|iPhone.ActiveCfg = Release|x64
		{EC89EB7C-B033-427F-ABDB-3E85990BDA9B}.Ad-Hoc|iPhone.Build.0 = Release|x64
		{EC89EB7C-B033-427F-ABDB-3E85990BDA9B}.Ad-Hoc|iPhone.Deploy.0 = Release|x64
		{EC89EB7C-B033-427F-ABDB-3E85990BDA9B}.Ad-Hoc|iPhoneSimulator.ActiveCfg = Release|x64
		{EC89EB7C-B033-427F-ABDB-3E85990BDA9B}.Ad-Hoc|iPhoneSimulator.Build.0 = Release|x64
		{EC89EB7C-B033-427F-ABDB-3E85990BDA9B}.Ad-Hoc|iPhoneSimulator.Deploy.0 = Release|x64
		{EC89EB7C-B033-427F-ABDB-3E85990BDA9B}.Ad-Hoc|x64.ActiveCfg = Release|x64
		{EC89EB7C-B033-427F-ABDB-3E85990BDA9B}.Ad-Hoc|x64.Build.0 = Release|x64
		{EC89EB7C-B033-427F-ABDB-3E85990BDA9B}.Ad-Hoc|x64.Deploy.0 = Release|x64
		{EC89EB7C-B033-427F-ABDB-3E85990BDA9B}.Ad-Hoc|x86.ActiveCfg = Release|x86
		{EC89EB7C-B033-427F-ABDB-3E85990BDA9B}.Ad-Hoc|x86.Build.0 = Release|x86
		{EC89EB7C-B033-427F-ABDB-3E85990BDA9B}.Ad-Hoc|x86.Deploy.0 = Release|x86
		{EC89EB7C-B033-427F-ABDB-3E85990BDA9B}.AppStore|Any CPU.ActiveCfg = Release|x64
		{EC89EB7C-B033-427F-ABDB-3E85990BDA9B}.AppStore|Any CPU.Build.0 = Release|x64
		{EC89EB7C-B033-427F-ABDB-3E85990BDA9B}.AppStore|Any CPU.Deploy.0 = Release|x64
		{EC89EB7C-B033-427F-ABDB-3E85990BDA9B}.AppStore|ARM.ActiveCfg = Release|ARM
		{EC89EB7C-B033-427F-ABDB-3E85990BDA9B}.AppStore|ARM.Build.0 = Release|ARM
		{EC89EB7C-B033-427F-ABDB-3E85990BDA9B}.AppStore|ARM.Deploy.0 = Release|ARM
		{EC89EB7C-B033-427F-ABDB-3E85990BDA9B}.AppStore|iPhone.ActiveCfg = Release|x64
		{EC89EB7C-B033-427F-ABDB-3E85990BDA9B}.AppStore|iPhone.Build.0 = Release|x64
		{EC89EB7C-B033-427F-ABDB-3E85990BDA9B}.AppStore|iPhone.Deploy.0 = Release|x64
		{EC89EB7C-B033-427F-ABDB-3E85990BDA9B}.AppStore|iPhoneSimulator.ActiveCfg = Release|x64
		{EC89EB7C-B033-427F-ABDB-3E85990BDA9B}.AppStore|iPhoneSimulator.Build.0 = Release|x64
		{EC89EB7C-B033-427F-ABDB-3E85990BDA9B}.AppStore|iPhoneSimulator.Deploy.0 = Release|x64
		{EC89EB7C-B033-427F-ABDB-3E85990BDA9B}.AppStore|x64.ActiveCfg = Release|x64
		{EC89EB7C-B033-427F-ABDB-3E85990BDA9B}.AppStore|x64.Build.0 = Release|x64
		{EC89EB7C-B033-427F-ABDB-3E85990BDA9B}.AppStore|x64.Deploy.0 = Release|x64
		{EC89EB7C-B033-427F-ABDB-3E85990BDA9B}.AppStore|x86.ActiveCfg = Release|x86
		{EC89EB7C-B033-427F-ABDB-3E85990BDA9B}.AppStore|x86.Build.0 = Release|x86
		{EC89EB7C-B033-427F-ABDB-3E85990BDA9B}.AppStore|x86.Deploy.0 = Release|x86
		{EC89EB7C-B033-427F-ABDB-3E85990BDA9B}.Debug|Any CPU.ActiveCfg = Debug|x86
		{EC89EB7C-B033-427F-ABDB-3E85990BDA9B}.Debug|ARM.ActiveCfg = Debug|ARM
		{EC89EB7C-B033-427F-ABDB-3E85990BDA9B}.Debug|ARM.Build.0 = Debug|ARM
		{EC89EB7C-B033-427F-ABDB-3E85990BDA9B}.Debug|ARM.Deploy.0 = Debug|ARM
		{EC89EB7C-B033-427F-ABDB-3E85990BDA9B}.Debug|iPhone.ActiveCfg = Debug|x86
		{EC89EB7C-B033-427F-ABDB-3E85990BDA9B}.Debug|iPhoneSimulator.ActiveCfg = Debug|x86
		{EC89EB7C-B033-427F-ABDB-3E85990BDA9B}.Debug|x64.ActiveCfg = Debug|x64
		{EC89EB7C-B033-427F-ABDB-3E85990BDA9B}.Debug|x64.Build.0 = Debug|x64
		{EC89EB7C-B033-427F-ABDB-3E85990BDA9B}.Debug|x64.Deploy.0 = Debug|x64
		{EC89EB7C-B033-427F-ABDB-3E85990BDA9B}.Debug|x86.ActiveCfg = Debug|x86
		{EC89EB7C-B033-427F-ABDB-3E85990BDA9B}.Debug|x86.Build.0 = Debug|x86
		{EC89EB7C-B033-427F-ABDB-3E85990BDA9B}.Debug|x86.Deploy.0 = Debug|x86
		{EC89EB7C-B033-427F-ABDB-3E85990BDA9B}.Release|Any CPU.ActiveCfg = Release|x86
		{EC89EB7C-B033-427F-ABDB-3E85990BDA9B}.Release|ARM.ActiveCfg = Release|ARM
		{EC89EB7C-B033-427F-ABDB-3E85990BDA9B}.Release|ARM.Build.0 = Release|ARM
		{EC89EB7C-B033-427F-ABDB-3E85990BDA9B}.Release|ARM.Deploy.0 = Release|ARM
		{EC89EB7C-B033-427F-ABDB-3E85990BDA9B}.Release|iPhone.ActiveCfg = Release|x86
		{EC89EB7C-B033-427F-ABDB-3E85990BDA9B}.Release|iPhoneSimulator.ActiveCfg = Release|x86
		{EC89EB7C-B033-427F-ABDB-3E85990BDA9B}.Release|x64.ActiveCfg = Release|x64
		{EC89EB7C-B033-427F-ABDB-3E85990BDA9B}.Release|x64.Build.0 = Release|x64
		{EC89EB7C-B033-427F-ABDB-3E85990BDA9B}.Release|x64.Deploy.0 = Release|x64
		{EC89EB7C-B033-427F-ABDB-3E85990BDA9B}.Release|x86.ActiveCfg = Release|x86
		{EC89EB7C-B033-427F-ABDB-3E85990BDA9B}.Release|x86.Build.0 = Release|x86
		{EC89EB7C-B033-427F-ABDB-3E85990BDA9B}.Release|x86.Deploy.0 = Release|x86
		{5B0D8267-8C6E-4502-95E5-01B3803C7866}.Ad-Hoc|Any CPU.ActiveCfg = Release|Any CPU
		{5B0D8267-8C6E-4502-95E5-01B3803C7866}.Ad-Hoc|Any CPU.Build.0 = Release|Any CPU
		{5B0D8267-8C6E-4502-95E5-01B3803C7866}.Ad-Hoc|ARM.ActiveCfg = Release|ARM
		{5B0D8267-8C6E-4502-95E5-01B3803C7866}.Ad-Hoc|ARM.Build.0 = Release|ARM
		{5B0D8267-8C6E-4502-95E5-01B3803C7866}.Ad-Hoc|iPhone.ActiveCfg = Release|Any CPU
		{5B0D8267-8C6E-4502-95E5-01B3803C7866}.Ad-Hoc|iPhone.Build.0 = Release|Any CPU
		{5B0D8267-8C6E-4502-95E5-01B3803C7866}.Ad-Hoc|iPhoneSimulator.ActiveCfg = Release|Any CPU
		{5B0D8267-8C6E-4502-95E5-01B3803C7866}.Ad-Hoc|iPhoneSimulator.Build.0 = Release|Any CPU
		{5B0D8267-8C6E-4502-95E5-01B3803C7866}.Ad-Hoc|x64.ActiveCfg = Release|x64
		{5B0D8267-8C6E-4502-95E5-01B3803C7866}.Ad-Hoc|x64.Build.0 = Release|x64
		{5B0D8267-8C6E-4502-95E5-01B3803C7866}.Ad-Hoc|x86.ActiveCfg = Release|x86
		{5B0D8267-8C6E-4502-95E5-01B3803C7866}.Ad-Hoc|x86.Build.0 = Release|x86
		{5B0D8267-8C6E-4502-95E5-01B3803C7866}.AppStore|Any CPU.ActiveCfg = Release|Any CPU
		{5B0D8267-8C6E-4502-95E5-01B3803C7866}.AppStore|Any CPU.Build.0 = Release|Any CPU
		{5B0D8267-8C6E-4502-95E5-01B3803C7866}.AppStore|ARM.ActiveCfg = Release|ARM
		{5B0D8267-8C6E-4502-95E5-01B3803C7866}.AppStore|ARM.Build.0 = Release|ARM
		{5B0D8267-8C6E-4502-95E5-01B3803C7866}.AppStore|iPhone.ActiveCfg = Release|Any CPU
		{5B0D8267-8C6E-4502-95E5-01B3803C7866}.AppStore|iPhone.Build.0 = Release|Any CPU
		{5B0D8267-8C6E-4502-95E5-01B3803C7866}.AppStore|iPhoneSimulator.ActiveCfg = Release|Any CPU
		{5B0D8267-8C6E-4502-95E5-01B3803C7866}.AppStore|iPhoneSimulator.Build.0 = Release|Any CPU
		{5B0D8267-8C6E-4502-95E5-01B3803C7866}.AppStore|x64.ActiveCfg = Release|x64
		{5B0D8267-8C6E-4502-95E5-01B3803C7866}.AppStore|x64.Build.0 = Release|x64
		{5B0D8267-8C6E-4502-95E5-01B3803C7866}.AppStore|x86.ActiveCfg = Release|x86
		{5B0D8267-8C6E-4502-95E5-01B3803C7866}.AppStore|x86.Build.0 = Release|x86
		{5B0D8267-8C6E-4502-95E5-01B3803C7866}.Debug|Any CPU.ActiveCfg = Debug|Any CPU
		{5B0D8267-8C6E-4502-95E5-01B3803C7866}.Debug|Any CPU.Build.0 = Debug|Any CPU
		{5B0D8267-8C6E-4502-95E5-01B3803C7866}.Debug|ARM.ActiveCfg = Debug|ARM
		{5B0D8267-8C6E-4502-95E5-01B3803C7866}.Debug|ARM.Build.0 = Debug|ARM
		{5B0D8267-8C6E-4502-95E5-01B3803C7866}.Debug|iPhone.ActiveCfg = Debug|Any CPU
		{5B0D8267-8C6E-4502-95E5-01B3803C7866}.Debug|iPhone.Build.0 = Debug|Any CPU
		{5B0D8267-8C6E-4502-95E5-01B3803C7866}.Debug|iPhoneSimulator.ActiveCfg = Debug|Any CPU
		{5B0D8267-8C6E-4502-95E5-01B3803C7866}.Debug|iPhoneSimulator.Build.0 = Debug|Any CPU
		{5B0D8267-8C6E-4502-95E5-01B3803C7866}.Debug|x64.ActiveCfg = Debug|x64
		{5B0D8267-8C6E-4502-95E5-01B3803C7866}.Debug|x64.Build.0 = Debug|x64
		{5B0D8267-8C6E-4502-95E5-01B3803C7866}.Debug|x86.ActiveCfg = Debug|x86
		{5B0D8267-8C6E-4502-95E5-01B3803C7866}.Debug|x86.Build.0 = Debug|x86
		{5B0D8267-8C6E-4502-95E5-01B3803C7866}.Release|Any CPU.ActiveCfg = Release|Any CPU
		{5B0D8267-8C6E-4502-95E5-01B3803C7866}.Release|Any CPU.Build.0 = Release|Any CPU
		{5B0D8267-8C6E-4502-95E5-01B3803C7866}.Release|ARM.ActiveCfg = Release|ARM
		{5B0D8267-8C6E-4502-95E5-01B3803C7866}.Release|ARM.Build.0 = Release|ARM
		{5B0D8267-8C6E-4502-95E5-01B3803C7866}.Release|iPhone.ActiveCfg = Release|Any CPU
		{5B0D8267-8C6E-4502-95E5-01B3803C7866}.Release|iPhone.Build.0 = Release|Any CPU
		{5B0D8267-8C6E-4502-95E5-01B3803C7866}.Release|iPhoneSimulator.ActiveCfg = Release|Any CPU
		{5B0D8267-8C6E-4502-95E5-01B3803C7866}.Release|iPhoneSimulator.Build.0 = Release|Any CPU
		{5B0D8267-8C6E-4502-95E5-01B3803C7866}.Release|x64.ActiveCfg = Release|x64
		{5B0D8267-8C6E-4502-95E5-01B3803C7866}.Release|x64.Build.0 = Release|x64
		{5B0D8267-8C6E-4502-95E5-01B3803C7866}.Release|x86.ActiveCfg = Release|x86
		{5B0D8267-8C6E-4502-95E5-01B3803C7866}.Release|x86.Build.0 = Release|x86
	EndGlobalSection
	GlobalSection(SolutionProperties) = preSolution
		HideSolutionNode = FALSE
	EndGlobalSection
	GlobalSection(NestedProjects) = preSolution
		{74043E51-EF7B-4CE1-AF3F-7612ED1D05B6} = {C6B2240A-E0A6-494B-BD90-E632356A7D0A}
		{48D8DCC6-6342-4A62-AB87-B26CBFB3FEB1} = {C6B2240A-E0A6-494B-BD90-E632356A7D0A}
		{DB20308E-8E4C-4ED4-85AF-66DA6354F20D} = {C6B2240A-E0A6-494B-BD90-E632356A7D0A}
		{EB466A08-7DEE-401D-96A0-BC1E35308500} = {DFA8571D-9A4B-473C-9880-B5FC9FA075D3}
		{EC89EB7C-B033-427F-ABDB-3E85990BDA9B} = {DFA8571D-9A4B-473C-9880-B5FC9FA075D3}
		{5B0D8267-8C6E-4502-95E5-01B3803C7866} = {C6B2240A-E0A6-494B-BD90-E632356A7D0A}
	EndGlobalSection
	GlobalSection(ExtensibilityGlobals) = postSolution
		SolutionGuid = {6F045CAA-F27A-452E-B07E-8DAD355B3A1A}
	EndGlobalSection
	GlobalSection(TeamFoundationVersionControl) = preSolution
		SccNumberOfProjects = 7
		SccEnterpriseProvider = {4CA58AB2-18FA-4F8D-95D4-32DDF27D184C}
		SccTeamFoundationServer = http://tfs:8080/tfs/wscollection
		SccLocalPath0 = .
		SccProjectUniqueName1 = AirObservationSystem.HHU\\AirObservationSystem.HHU.Core\\AirObservationSystem.HHU.Core.csproj
		SccProjectTopLevelParentUniqueName1 = AirObservationSystem.HHU.sln
		SccProjectName1 = AirObservationSystem.HHU/AirObservationSystem.HHU.Core
		SccLocalPath1 = AirObservationSystem.HHU\\AirObservationSystem.HHU.Core
		SccProjectUniqueName2 = AirObservationSystem.HHU\\AirObservationSystem.HHU.Droid\\AirObservationSystem.HHU.Droid.csproj
		SccProjectTopLevelParentUniqueName2 = AirObservationSystem.HHU.sln
		SccProjectName2 = AirObservationSystem.HHU/AirObservationSystem.HHU.Droid
		SccLocalPath2 = AirObservationSystem.HHU\\AirObservationSystem.HHU.Droid
		SccProjectUniqueName3 = AirObservationSystem.HHU\\AirObservationSystem.HHU.UWP\\AirObservationSystem.HHU.UWP.csproj
		SccProjectTopLevelParentUniqueName3 = AirObservationSystem.HHU.sln
		SccProjectName3 = AirObservationSystem.HHU/AirObservationSystem.HHU.UWP
		SccLocalPath3 = AirObservationSystem.HHU\\AirObservationSystem.HHU.UWP
		SccProjectUniqueName4 = AirObservationSystem.HHU\\AirObservationSystem.HHU.UITests\\AirObservationSystem.HHU.UITests.csproj
		SccProjectTopLevelParentUniqueName4 = AirObservationSystem.HHU.sln
		SccProjectName4 = AirObservationSystem.HHU/AirObservationSystem.HHU.UITests
		SccLocalPath4 = AirObservationSystem.HHU\\AirObservationSystem.HHU.UITests
		SccProjectUniqueName5 = AirObservationSystem.HHU\\AirObservationSystem.HHU.UWP.Tests\\AirObservationSystem.HHU.UWP.Tests.csproj
		SccProjectTopLevelParentUniqueName5 = AirObservationSystem.HHU.sln
		SccProjectName5 = AirObservationSystem.HHU/AirObservationSystem.HHU.UWP.Tests
		SccLocalPath5 = AirObservationSystem.HHU\\AirObservationSystem.HHU.UWP.Tests
		SccProjectUniqueName6 = AirObservationSystem.HHU\\AirObservationSystem.HHU.UWP.Tasks\\AirObservationSystem.HHU.UWP.Tasks.csproj
		SccProjectTopLevelParentUniqueName6 = AirObservationSystem.HHU.sln
		SccProjectName6 = AirObservationSystem.HHU/AirObservationSystem.HHU.UWP.Tasks
		SccLocalPath6 = AirObservationSystem.HHU\\AirObservationSystem.HHU.UWP.Tasks
	EndGlobalSection
EndGlobal
